
Microsoft Visual Studio Solution File, Format Version 12.00
# Visual Studio Version 17
VisualStudioVersion = 17.1.32414.318
MinimumVisualStudioVersion = 10.0.40219.1
Project("{FAE04EC0-301F-11D3-BF4B-00C04F79EFBC}") = "AntiThanks", "AntiThanks\AntiThanks.csproj", "{C50AF71C-CB37-40FA-8787-A8B1E6331CBF}"
EndProject
Global
	GlobalSection(SolutionConfigurationPlatforms) = preSolution
		Debug|Any CPU = Debug|Any CPU
		Release|Any CPU = Release|Any CPU
	EndGlobalSection
	GlobalSection(ProjectConfigurationPlatforms) = postSolution
		{C50AF71C-CB37-40FA-8787-A8B1E6331CBF}.Debug|Any CPU.ActiveCfg = Debug|Any CPU
		{C50AF71C-CB37-40FA-8787-A8B1E6331CBF}.Debug|Any CPU.Build.0 = Debug|Any CPU
		{C50AF71C-CB37-40FA-8787-A8B1E6331CBF}.Release|Any CPU.ActiveCfg = Release|Any CPU
		{C50AF71C-CB37-40FA-8787-A8B1E6331CBF}.Release|Any CPU.Build.0 = Release|Any CPU
	EndGlobalSection
	GlobalSection(SolutionProperties) = preSolution
		HideSolutionNode = FALSE
	EndGlobalSection
	GlobalSection(ExtensibilityGlobals) = postSolution
		SolutionGuid = {A83CC616-FF8A-4D0A-A25E-265E1A002417}
	EndGlobalSection
EndGlobal
